
Microsoft Visual Studio Solution File, Format Version 12.00
# Visual Studio 2013
VisualStudioVersion = 12.0.30723.0
MinimumVisualStudioVersion = 10.0.40219.1
Project("{FAE04EC0-301F-11D3-BF4B-00C04F79EFBC}") = "SplitLabel", "SplitPDF\SplitLabel.csproj", "{BBF5C2E3-F01C-4B70-8B8C-07BC153136BA}"
EndProject
Project("{6141683F-8A12-4E36-9623-2EB02B2C2303}") = "Setup", "Setup\Setup.isproj", "{FE62B254-AD97-4084-A6DC-8724F31042A9}"
EndProject
Global
	GlobalSection(SolutionConfigurationPlatforms) = preSolution
		CD_ROM|Any CPU = CD_ROM|Any CPU
		Debug|Any CPU = Debug|Any CPU
		DVD-5|Any CPU = DVD-5|Any CPU
		Release|Any CPU = Release|Any CPU
		SingleImage|Any CPU = SingleImage|Any CPU
	EndGlobalSection
	GlobalSection(ProjectConfigurationPlatforms) = postSolution
		{BBF5C2E3-F01C-4B70-8B8C-07BC153136BA}.CD_ROM|Any CPU.ActiveCfg = Release|Any CPU
		{BBF5C2E3-F01C-4B70-8B8C-07BC153136BA}.CD_ROM|Any CPU.Build.0 = Release|Any CPU
		{BBF5C2E3-F01C-4B70-8B8C-07BC153136BA}.Debug|Any CPU.ActiveCfg = Debug|Any CPU
		{BBF5C2E3-F01C-4B70-8B8C-07BC153136BA}.Debug|Any CPU.Build.0 = Debug|Any CPU
		{BBF5C2E3-F01C-4B70-8B8C-07BC153136BA}.DVD-5|Any CPU.ActiveCfg = Debug|Any CPU
		{BBF5C2E3-F01C-4B70-8B8C-07BC153136BA}.DVD-5|Any CPU.Build.0 = Debug|Any CPU
		{BBF5C2E3-F01C-4B70-8B8C-07BC153136BA}.Release|Any CPU.ActiveCfg = Release|Any CPU
		{BBF5C2E3-F01C-4B70-8B8C-07BC153136BA}.Release|Any CPU.Build.0 = Release|Any CPU
		{BBF5C2E3-F01C-4B70-8B8C-07BC153136BA}.SingleImage|Any CPU.ActiveCfg = Release|Any CPU
		{BBF5C2E3-F01C-4B70-8B8C-07BC153136BA}.SingleImage|Any CPU.Build.0 = Release|Any CPU
		{FE62B254-AD97-4084-A6DC-8724F31042A9}.CD_ROM|Any CPU.ActiveCfg = CD_ROM
		{FE62B254-AD97-4084-A6DC-8724F31042A9}.CD_ROM|Any CPU.Build.0 = CD_ROM
		{FE62B254-AD97-4084-A6DC-8724F31042A9}.Debug|Any CPU.ActiveCfg = DVD-5
		{FE62B254-AD97-4084-A6DC-8724F31042A9}.Debug|Any CPU.Build.0 = DVD-5
		{FE62B254-AD97-4084-A6DC-8724F31042A9}.DVD-5|Any CPU.ActiveCfg = DVD-5
		{FE62B254-AD97-4084-A6DC-8724F31042A9}.DVD-5|Any CPU.Build.0 = DVD-5
		{FE62B254-AD97-4084-A6DC-8724F31042A9}.Release|Any CPU.ActiveCfg = SingleImage
		{FE62B254-AD97-4084-A6DC-8724F31042A9}.Release|Any CPU.Build.0 = SingleImage
		{FE62B254-AD97-4084-A6DC-8724F31042A9}.SingleImage|Any CPU.ActiveCfg = SingleImage
		{FE62B254-AD97-4084-A6DC-8724F31042A9}.SingleImage|Any CPU.Build.0 = SingleImage
	EndGlobalSection
	GlobalSection(SolutionProperties) = preSolution
		HideSolutionNode = FALSE
	EndGlobalSection
	GlobalSection(ExtensibilityGlobals) = postSolution
		VisualSVNWorkingCopyRoot = .
	EndGlobalSection
EndGlobal
